
Microsoft Visual Studio Solution File, Format Version 12.00
# Visual Studio 15
VisualStudioVersion = 15.0.28307.1684
MinimumVisualStudioVersion = 10.0.40219.1
Project("{8BC9CEB8-8B4A-11D0-8D11-00A0C91BC942}") = "Project1", "Project1\Project1.vcxproj", "{DA28C02C-5F34-4B56-BFAB-F00989550A45}"
EndProject
Global
	GlobalSection(SolutionConfigurationPlatforms) = preSolution
		Debug|x64 = Debug|x64
		Debug|x86 = Debug|x86
		Release|x64 = Release|x64
		Release|x86 = Release|x86
	EndGlobalSection
	GlobalSection(ProjectConfigurationPlatforms) = postSolution
		{DA28C02C-5F34-4B56-BFAB-F00989550A45}.Debug|x64.ActiveCfg = Debug|x64
		{DA28C02C-5F34-4B56-BFAB-F00989550A45}.Debug|x64.Build.0 = Debug|x64
		{DA28C02C-5F34-4B56-BFAB-F00989550A45}.Debug|x86.ActiveCfg = Debug|Win32
		{DA28C02C-5F34-4B56-BFAB-F00989550A45}.Debug|x86.Build.0 = Debug|Win32
		{DA28C02C-5F34-4B56-BFAB-F00989550A45}.Release|x64.ActiveCfg = Release|x64
		{DA28C02C-5F34-4B56-BFAB-F00989550A45}.Release|x64.Build.0 = Release|x64
		{DA28C02C-5F34-4B56-BFAB-F00989550A45}.Release|x86.ActiveCfg = Release|Win32
		{DA28C02C-5F34-4B56-BFAB-F00989550A45}.Release|x86.Build.0 = Release|Win32
	EndGlobalSection
	GlobalSection(SolutionProperties) = preSolution
		HideSolutionNode = FALSE
	EndGlobalSection
	GlobalSection(ExtensibilityGlobals) = postSolution
		SolutionGuid = {B4F90619-5A23-46BA-A4AB-9F9186784CF3}
	EndGlobalSection
EndGlobal
